
Microsoft Visual Studio Solution File, Format Version 12.00
# Visual Studio Version 17
VisualStudioVersion = 17.0.31903.59
MinimumVisualStudioVersion = 10.0.40219.1
Project("{2150E333-8FDC-42A3-9474-1A3956D46DE8}") = "Lazy", "Lazy", "{0ABC6D07-354F-4EC3-AACD-A05A2A6F18EC}"
EndProject
Project("{FAE04EC0-301F-11D3-BF4B-00C04F79EFBC}") = "Lazy", "Source\Lazy.csproj", "{AA61859D-1B96-4F91-9355-853EF119F154}"
EndProject
Project("{FAE04EC0-301F-11D3-BF4B-00C04F79EFBC}") = "Lazy.Tests", "Tests\Lazy.Tests.csproj", "{0270682C-92D6-441C-9878-17D84102C995}"
EndProject
Global
	GlobalSection(SolutionConfigurationPlatforms) = preSolution
		Debug|Any CPU = Debug|Any CPU
		Release|Any CPU = Release|Any CPU
	EndGlobalSection
	GlobalSection(SolutionProperties) = preSolution
		HideSolutionNode = FALSE
	EndGlobalSection
	GlobalSection(ProjectConfigurationPlatforms) = postSolution
		{AA61859D-1B96-4F91-9355-853EF119F154}.Debug|Any CPU.ActiveCfg = Debug|Any CPU
		{AA61859D-1B96-4F91-9355-853EF119F154}.Debug|Any CPU.Build.0 = Debug|Any CPU
		{AA61859D-1B96-4F91-9355-853EF119F154}.Release|Any CPU.ActiveCfg = Release|Any CPU
		{AA61859D-1B96-4F91-9355-853EF119F154}.Release|Any CPU.Build.0 = Release|Any CPU
		{0270682C-92D6-441C-9878-17D84102C995}.Debug|Any CPU.ActiveCfg = Debug|Any CPU
		{0270682C-92D6-441C-9878-17D84102C995}.Debug|Any CPU.Build.0 = Debug|Any CPU
		{0270682C-92D6-441C-9878-17D84102C995}.Release|Any CPU.ActiveCfg = Release|Any CPU
		{0270682C-92D6-441C-9878-17D84102C995}.Release|Any CPU.Build.0 = Release|Any CPU
	EndGlobalSection
	GlobalSection(NestedProjects) = preSolution
		{AA61859D-1B96-4F91-9355-853EF119F154} = {0ABC6D07-354F-4EC3-AACD-A05A2A6F18EC}
	EndGlobalSection
EndGlobal
