
Microsoft Visual Studio Solution File, Format Version 12.00
# Visual Studio Version 17
VisualStudioVersion = 17.0.31903.59
MinimumVisualStudioVersion = 10.0.40219.1
Project("{2150E333-8FDC-42A3-9474-1A3956D46DE8}") = "Parallel-matrix-multiplication", "Parallel-matrix-multiplication", "{0E91A7BB-174B-4085-B551-C0C02BD32690}"
EndProject
Project("{FAE04EC0-301F-11D3-BF4B-00C04F79EFBC}") = "Parallel-matrix-multiplication", "Source\Parallel-matrix-multiplication.csproj", "{7C1EF994-4F24-47F9-8D38-7F0C2C5B36C8}"
EndProject
Project("{FAE04EC0-301F-11D3-BF4B-00C04F79EFBC}") = "Parallel-Matrix-Multiplication-Tests", "Tests\Parallel-Matrix-Multiplication-Tests.csproj", "{97291D4D-3315-43C2-8C33-78F396C55555}"
EndProject
Global
	GlobalSection(SolutionConfigurationPlatforms) = preSolution
		Debug|Any CPU = Debug|Any CPU
		Release|Any CPU = Release|Any CPU
	EndGlobalSection
	GlobalSection(SolutionProperties) = preSolution
		HideSolutionNode = FALSE
	EndGlobalSection
	GlobalSection(ProjectConfigurationPlatforms) = postSolution
		{7C1EF994-4F24-47F9-8D38-7F0C2C5B36C8}.Debug|Any CPU.ActiveCfg = Debug|Any CPU
		{7C1EF994-4F24-47F9-8D38-7F0C2C5B36C8}.Debug|Any CPU.Build.0 = Debug|Any CPU
		{7C1EF994-4F24-47F9-8D38-7F0C2C5B36C8}.Release|Any CPU.ActiveCfg = Release|Any CPU
		{7C1EF994-4F24-47F9-8D38-7F0C2C5B36C8}.Release|Any CPU.Build.0 = Release|Any CPU
		{97291D4D-3315-43C2-8C33-78F396C55555}.Debug|Any CPU.ActiveCfg = Debug|Any CPU
		{97291D4D-3315-43C2-8C33-78F396C55555}.Debug|Any CPU.Build.0 = Debug|Any CPU
		{97291D4D-3315-43C2-8C33-78F396C55555}.Release|Any CPU.ActiveCfg = Release|Any CPU
		{97291D4D-3315-43C2-8C33-78F396C55555}.Release|Any CPU.Build.0 = Release|Any CPU
	EndGlobalSection
	GlobalSection(NestedProjects) = preSolution
		{7C1EF994-4F24-47F9-8D38-7F0C2C5B36C8} = {0E91A7BB-174B-4085-B551-C0C02BD32690}
	EndGlobalSection
EndGlobal
